
Microsoft Visual Studio Solution File, Format Version 12.00
# Visual Studio Version 16
VisualStudioVersion = 16.0.29911.84
MinimumVisualStudioVersion = 10.0.40219.1
Project("{FAE04EC0-301F-11D3-BF4B-00C04F79EFBC}") = "TagList.Android", "TagList\TagList.Android\TagList.Android.csproj", "{7173301F-DB59-4F58-9916-58091BD76CBE}"
EndProject
Project("{FAE04EC0-301F-11D3-BF4B-00C04F79EFBC}") = "TagList.Web", "TagList\TagList.Web\TagList.Web.csproj", "{F78FA2E2-5631-4563-BDB9-4F2A89568F6C}"
EndProject
Project("{FAE04EC0-301F-11D3-BF4B-00C04F79EFBC}") = "TagList", "TagList\TagList\TagList.csproj", "{67280C16-E8F0-4F79-AE88-663C2636B1E1}"
EndProject
Global
	GlobalSection(SolutionConfigurationPlatforms) = preSolution
		Debug|Any CPU = Debug|Any CPU
		Release|Any CPU = Release|Any CPU
	EndGlobalSection
	GlobalSection(ProjectConfigurationPlatforms) = postSolution
		{7173301F-DB59-4F58-9916-58091BD76CBE}.Debug|Any CPU.ActiveCfg = Debug|Any CPU
		{7173301F-DB59-4F58-9916-58091BD76CBE}.Debug|Any CPU.Build.0 = Debug|Any CPU
		{7173301F-DB59-4F58-9916-58091BD76CBE}.Debug|Any CPU.Deploy.0 = Debug|Any CPU
		{7173301F-DB59-4F58-9916-58091BD76CBE}.Release|Any CPU.ActiveCfg = Release|Any CPU
		{7173301F-DB59-4F58-9916-58091BD76CBE}.Release|Any CPU.Build.0 = Release|Any CPU
		{7173301F-DB59-4F58-9916-58091BD76CBE}.Release|Any CPU.Deploy.0 = Release|Any CPU
		{F78FA2E2-5631-4563-BDB9-4F2A89568F6C}.Debug|Any CPU.ActiveCfg = Debug|Any CPU
		{F78FA2E2-5631-4563-BDB9-4F2A89568F6C}.Debug|Any CPU.Build.0 = Debug|Any CPU
		{F78FA2E2-5631-4563-BDB9-4F2A89568F6C}.Debug|Any CPU.Deploy.0 = Debug|Any CPU
		{F78FA2E2-5631-4563-BDB9-4F2A89568F6C}.Release|Any CPU.ActiveCfg = Release|Any CPU
		{F78FA2E2-5631-4563-BDB9-4F2A89568F6C}.Release|Any CPU.Build.0 = Release|Any CPU
		{F78FA2E2-5631-4563-BDB9-4F2A89568F6C}.Release|Any CPU.Deploy.0 = Release|Any CPU
		{67280C16-E8F0-4F79-AE88-663C2636B1E1}.Debug|Any CPU.ActiveCfg = Debug|Any CPU
		{67280C16-E8F0-4F79-AE88-663C2636B1E1}.Debug|Any CPU.Build.0 = Debug|Any CPU
		{67280C16-E8F0-4F79-AE88-663C2636B1E1}.Debug|Any CPU.Deploy.0 = Debug|Any CPU
		{67280C16-E8F0-4F79-AE88-663C2636B1E1}.Release|Any CPU.ActiveCfg = Release|Any CPU
		{67280C16-E8F0-4F79-AE88-663C2636B1E1}.Release|Any CPU.Build.0 = Release|Any CPU
		{67280C16-E8F0-4F79-AE88-663C2636B1E1}.Release|Any CPU.Deploy.0 = Release|Any CPU
	EndGlobalSection
	GlobalSection(SolutionProperties) = preSolution
		HideSolutionNode = FALSE
	EndGlobalSection
	GlobalSection(ExtensibilityGlobals) = postSolution
		SolutionGuid = {8218A944-53FE-40A9-92B1-17785B3C758E}
	EndGlobalSection
EndGlobal
